
Microsoft Visual Studio Solution File, Format Version 12.00
# Visual Studio Version 17
VisualStudioVersion = 17.5.33424.131
MinimumVisualStudioVersion = 10.0.40219.1
Project("{9A19103F-16F7-4668-BE54-9A1E7A4F7556}") = "Array", "Array\Array.csproj", "{0910DFFF-F407-4507-8712-9DCBCFB60C28}"
EndProject
Project("{9A19103F-16F7-4668-BE54-9A1E7A4F7556}") = "LinkedList", "LinkedList\LinkedList.csproj", "{9F13DB75-601C-4E34-AA4B-92FB15A435E0}"
EndProject
Project("{9A19103F-16F7-4668-BE54-9A1E7A4F7556}") = "Stack", "Stack\Stack.csproj", "{FC1AD626-8014-4A19-9966-5055075096E0}"
EndProject
Project("{9A19103F-16F7-4668-BE54-9A1E7A4F7556}") = "BinaryTree", "BinaryTree\BinaryTree.csproj", "{632FBE9A-94E9-4BB9-8BD3-66A5D0BC0D4F}"
EndProject
Project("{FAE04EC0-301F-11D3-BF4B-00C04F79EFBC}") = "Heap", "Heap\Heap.csproj", "{543F325D-9DDD-4702-8601-8F4673F11243}"
EndProject
Global
	GlobalSection(SolutionConfigurationPlatforms) = preSolution
		Debug|Any CPU = Debug|Any CPU
		Release|Any CPU = Release|Any CPU
	EndGlobalSection
	GlobalSection(ProjectConfigurationPlatforms) = postSolution
		{0910DFFF-F407-4507-8712-9DCBCFB60C28}.Debug|Any CPU.ActiveCfg = Debug|Any CPU
		{0910DFFF-F407-4507-8712-9DCBCFB60C28}.Debug|Any CPU.Build.0 = Debug|Any CPU
		{0910DFFF-F407-4507-8712-9DCBCFB60C28}.Release|Any CPU.ActiveCfg = Release|Any CPU
		{0910DFFF-F407-4507-8712-9DCBCFB60C28}.Release|Any CPU.Build.0 = Release|Any CPU
		{9F13DB75-601C-4E34-AA4B-92FB15A435E0}.Debug|Any CPU.ActiveCfg = Debug|Any CPU
		{9F13DB75-601C-4E34-AA4B-92FB15A435E0}.Debug|Any CPU.Build.0 = Debug|Any CPU
		{9F13DB75-601C-4E34-AA4B-92FB15A435E0}.Release|Any CPU.ActiveCfg = Release|Any CPU
		{9F13DB75-601C-4E34-AA4B-92FB15A435E0}.Release|Any CPU.Build.0 = Release|Any CPU
		{FC1AD626-8014-4A19-9966-5055075096E0}.Debug|Any CPU.ActiveCfg = Debug|Any CPU
		{FC1AD626-8014-4A19-9966-5055075096E0}.Debug|Any CPU.Build.0 = Debug|Any CPU
		{FC1AD626-8014-4A19-9966-5055075096E0}.Release|Any CPU.ActiveCfg = Release|Any CPU
		{FC1AD626-8014-4A19-9966-5055075096E0}.Release|Any CPU.Build.0 = Release|Any CPU
		{632FBE9A-94E9-4BB9-8BD3-66A5D0BC0D4F}.Debug|Any CPU.ActiveCfg = Debug|Any CPU
		{632FBE9A-94E9-4BB9-8BD3-66A5D0BC0D4F}.Debug|Any CPU.Build.0 = Debug|Any CPU
		{632FBE9A-94E9-4BB9-8BD3-66A5D0BC0D4F}.Release|Any CPU.ActiveCfg = Release|Any CPU
		{632FBE9A-94E9-4BB9-8BD3-66A5D0BC0D4F}.Release|Any CPU.Build.0 = Release|Any CPU
		{543F325D-9DDD-4702-8601-8F4673F11243}.Debug|Any CPU.ActiveCfg = Debug|Any CPU
		{543F325D-9DDD-4702-8601-8F4673F11243}.Debug|Any CPU.Build.0 = Debug|Any CPU
		{543F325D-9DDD-4702-8601-8F4673F11243}.Release|Any CPU.ActiveCfg = Release|Any CPU
		{543F325D-9DDD-4702-8601-8F4673F11243}.Release|Any CPU.Build.0 = Release|Any CPU
	EndGlobalSection
	GlobalSection(SolutionProperties) = preSolution
		HideSolutionNode = FALSE
	EndGlobalSection
	GlobalSection(ExtensibilityGlobals) = postSolution
		SolutionGuid = {33984CBA-BB5A-4356-8641-34493E1B29E9}
	EndGlobalSection
EndGlobal
